
Microsoft Visual Studio Solution File, Format Version 12.00
# Visual Studio 15
VisualStudioVersion = 15.0.28307.1145
MinimumVisualStudioVersion = 10.0.40219.1
Project("{FAE04EC0-301F-11D3-BF4B-00C04F79EFBC}") = "SummerPracticeProject.BLL", "SummerPracticeProject.BLL\SummerPracticeProject.BLL.csproj", "{7FF8D63A-9F44-48FE-B379-715C592EC07B}"
EndProject
Project("{FAE04EC0-301F-11D3-BF4B-00C04F79EFBC}") = "SummerPracticeProject.BLL.Interfaces", "SummerPracticeProject.BLL.Interfaces\SummerPracticeProject.BLL.Interfaces.csproj", "{CE144035-DE2A-4126-AADB-DCB1E3E6248A}"
EndProject
Project("{FAE04EC0-301F-11D3-BF4B-00C04F79EFBC}") = "SummerPracticeProject.Entities", "SummerPracticeProject.Entities\SummerPracticeProject.Entities.csproj", "{32933068-2876-4317-9D25-423ED086A803}"
EndProject
Project("{FAE04EC0-301F-11D3-BF4B-00C04F79EFBC}") = "SummerPracticeProject.DAL", "SummerPracticeProject.DAL\SummerPracticeProject.DAL.csproj", "{0677406D-E469-4675-9577-E2A80A71D92B}"
EndProject
Project("{FAE04EC0-301F-11D3-BF4B-00C04F79EFBC}") = "SummerPracticeProject.Dao.Interfaces", "SummerPracticeProject.Dao.Interfaces\SummerPracticeProject.Dao.Interfaces.csproj", "{24D6F364-EDAF-4372-925F-88C9DAEF987E}"
EndProject
Global
	GlobalSection(SolutionConfigurationPlatforms) = preSolution
		Debug|Any CPU = Debug|Any CPU
		Release|Any CPU = Release|Any CPU
	EndGlobalSection
	GlobalSection(ProjectConfigurationPlatforms) = postSolution
		{7FF8D63A-9F44-48FE-B379-715C592EC07B}.Debug|Any CPU.ActiveCfg = Debug|Any CPU
		{7FF8D63A-9F44-48FE-B379-715C592EC07B}.Debug|Any CPU.Build.0 = Debug|Any CPU
		{7FF8D63A-9F44-48FE-B379-715C592EC07B}.Release|Any CPU.ActiveCfg = Release|Any CPU
		{7FF8D63A-9F44-48FE-B379-715C592EC07B}.Release|Any CPU.Build.0 = Release|Any CPU
		{CE144035-DE2A-4126-AADB-DCB1E3E6248A}.Debug|Any CPU.ActiveCfg = Debug|Any CPU
		{CE144035-DE2A-4126-AADB-DCB1E3E6248A}.Debug|Any CPU.Build.0 = Debug|Any CPU
		{CE144035-DE2A-4126-AADB-DCB1E3E6248A}.Release|Any CPU.ActiveCfg = Release|Any CPU
		{CE144035-DE2A-4126-AADB-DCB1E3E6248A}.Release|Any CPU.Build.0 = Release|Any CPU
		{32933068-2876-4317-9D25-423ED086A803}.Debug|Any CPU.ActiveCfg = Debug|Any CPU
		{32933068-2876-4317-9D25-423ED086A803}.Debug|Any CPU.Build.0 = Debug|Any CPU
		{32933068-2876-4317-9D25-423ED086A803}.Release|Any CPU.ActiveCfg = Release|Any CPU
		{32933068-2876-4317-9D25-423ED086A803}.Release|Any CPU.Build.0 = Release|Any CPU
		{0677406D-E469-4675-9577-E2A80A71D92B}.Debug|Any CPU.ActiveCfg = Debug|Any CPU
		{0677406D-E469-4675-9577-E2A80A71D92B}.Debug|Any CPU.Build.0 = Debug|Any CPU
		{0677406D-E469-4675-9577-E2A80A71D92B}.Release|Any CPU.ActiveCfg = Release|Any CPU
		{0677406D-E469-4675-9577-E2A80A71D92B}.Release|Any CPU.Build.0 = Release|Any CPU
		{24D6F364-EDAF-4372-925F-88C9DAEF987E}.Debug|Any CPU.ActiveCfg = Debug|Any CPU
		{24D6F364-EDAF-4372-925F-88C9DAEF987E}.Debug|Any CPU.Build.0 = Debug|Any CPU
		{24D6F364-EDAF-4372-925F-88C9DAEF987E}.Release|Any CPU.ActiveCfg = Release|Any CPU
		{24D6F364-EDAF-4372-925F-88C9DAEF987E}.Release|Any CPU.Build.0 = Release|Any CPU
	EndGlobalSection
	GlobalSection(SolutionProperties) = preSolution
		HideSolutionNode = FALSE
	EndGlobalSection
	GlobalSection(ExtensibilityGlobals) = postSolution
		SolutionGuid = {8B50D44D-278B-4B60-AEA1-0470A4999EF5}
	EndGlobalSection
EndGlobal
